
Microsoft Visual Studio Solution File, Format Version 12.00
# Visual Studio 2012
Project("{FAE04EC0-301F-11D3-BF4B-00C04F79EFBC}") = "Dapper.Rainbow.PostgreSql", "Dapper.Rainbow.PostgreSql\Dapper.Rainbow.PostgreSql.csproj", "{3CFADBBC-8235-43B2-917C-94FA2873BEB6}"
EndProject
Project("{FAE04EC0-301F-11D3-BF4B-00C04F79EFBC}") = "Tests", "Tests\Tests.csproj", "{EE687565-B300-4477-9168-664CF4FA5688}"
EndProject
Global
	GlobalSection(SolutionConfigurationPlatforms) = preSolution
		Debug|Any CPU = Debug|Any CPU
		Release|Any CPU = Release|Any CPU
		Default|Any CPU = Default|Any CPU
	EndGlobalSection
	GlobalSection(ProjectConfigurationPlatforms) = postSolution
		{3CFADBBC-8235-43B2-917C-94FA2873BEB6}.Debug|Any CPU.ActiveCfg = Debug|Any CPU
		{3CFADBBC-8235-43B2-917C-94FA2873BEB6}.Debug|Any CPU.Build.0 = Debug|Any CPU
		{3CFADBBC-8235-43B2-917C-94FA2873BEB6}.Release|Any CPU.ActiveCfg = Release|Any CPU
		{3CFADBBC-8235-43B2-917C-94FA2873BEB6}.Release|Any CPU.Build.0 = Release|Any CPU
		{EE687565-B300-4477-9168-664CF4FA5688}.Debug|Any CPU.ActiveCfg = Debug|Any CPU
		{EE687565-B300-4477-9168-664CF4FA5688}.Debug|Any CPU.Build.0 = Debug|Any CPU
		{EE687565-B300-4477-9168-664CF4FA5688}.Default|Any CPU.ActiveCfg = Debug|Any CPU
		{EE687565-B300-4477-9168-664CF4FA5688}.Default|Any CPU.Build.0 = Debug|Any CPU
		{EE687565-B300-4477-9168-664CF4FA5688}.Release|Any CPU.ActiveCfg = Release|Any CPU
		{EE687565-B300-4477-9168-664CF4FA5688}.Release|Any CPU.Build.0 = Release|Any CPU
	EndGlobalSection
	GlobalSection(MonoDevelopProperties) = preSolution
		StartupItem = Tests\Tests.csproj
	EndGlobalSection
EndGlobal
